[[package]]
category = "main"
description = "Python Imaging Library (Fork)"
name = "pillow"
optional = false
python-versions = ">=3.6"
version = "8.1.2"

[[package]]
category = "main"
description = "The Reportlab Toolkit"
name = "reportlab"
optional = false
python-versions = ">=2.7, >=3.6, <4"
version = "3.5.66"

[package.dependencies]
pillow = ">=4.0.0"

[package.extras]
rlpycairo = ["rlPyCairo (>=0.0.5)"]

[metadata]
content-hash = "add2b12e969b579520482db930f45b0c62686e13fd527e34b4ff7766bce65c99"
python-versions = "^3.8"

[metadata.files]
pillow = [
    {file = "Pillow-8.1.2-cp36-cp36m-macosx_10_10_x86_64.whl", hash = "sha256:5cf03b9534aca63b192856aa601c68d0764810857786ea5da652581f3a44c2b0"},
    {file = "Pillow-8.1.2-cp36-cp36m-manylinux1_i686.whl", hash = "sha256:f91b50ad88048d795c0ad004abbe1390aa1882073b1dca10bfd55d0b8cf18ec5"},
    {file = "Pillow-8.1.2-cp36-cp36m-manylinux1_x86_64.whl", hash = "sha256:5762ebb4436f46b566fc6351d67a9b5386b5e5de4e58fdaa18a1c83e0e20f1a8"},
    {file = "Pillow-8.1.2-cp36-cp36m-manylinux2014_aarch64.whl", hash = "sha256:e2cd8ac157c1e5ae88b6dd790648ee5d2777e76f1e5c7d184eaddb2938594f34"},
    {file = "Pillow-8.1.2-cp36-cp36m-win32.whl", hash = "sha256:72027ebf682abc9bafd93b43edc44279f641e8996fb2945104471419113cfc71"},
    {file = "Pillow-8.1.2-cp36-cp36m-win_amd64.whl", hash = "sha256:d1d6bca39bb6dd94fba23cdb3eeaea5e30c7717c5343004d900e2a63b132c341"},
    {file = "Pillow-8.1.2-cp37-cp37m-macosx_10_10_x86_64.whl", hash = "sha256:90882c6f084ef68b71bba190209a734bf90abb82ab5e8f64444c71d5974008c6"},
    {file = "Pillow-8.1.2-cp37-cp37m-manylinux1_i686.whl", hash = "sha256:89e4c757a91b8c55d97c91fa09c69b3677c227b942fa749e9a66eef602f59c28"},
    {file = "Pillow-8.1.2-cp37-cp37m-manylinux1_x86_64.whl", hash = "sha256:8c4e32218c764bc27fe49b7328195579581aa419920edcc321c4cb877c65258d"},
    {file = "Pillow-8.1.2-cp37-cp37m-manylinux2014_aarch64.whl", hash = "sha256:a01da2c266d9868c4f91a9c6faf47a251f23b9a862dce81d2ff583135206f5be"},
    {file = "Pillow-8.1.2-cp37-cp37m-win32.whl", hash = "sha256:30d33a1a6400132e6f521640dd3f64578ac9bfb79a619416d7e8802b4ce1dd55"},
    {file = "Pillow-8.1.2-cp37-cp37m-win_amd64.whl", hash = "sha256:71b01ee69e7df527439d7752a2ce8fb89e19a32df484a308eca3e81f673d3a03"},
    {file = "Pillow-8.1.2-cp38-cp38-macosx_10_10_x86_64.whl", hash = "sha256:5a2d957eb4aba9d48170b8fe6538ec1fbc2119ffe6373782c03d8acad3323f2e"},
    {file = "Pillow-8.1.2-cp38-cp38-manylinux1_i686.whl", hash = "sha256:87f42c976f91ca2fc21a3293e25bd3cd895918597db1b95b93cbd949f7d019ce"},
    {file = "Pillow-8.1.2-cp38-cp38-manylinux1_x86_64.whl", hash = "sha256:15306d71a1e96d7e271fd2a0737038b5a92ca2978d2e38b6ced7966583e3d5af"},
    {file = "Pillow-8.1.2-cp38-cp38-manylinux2014_aarch64.whl", hash = "sha256:71f31ee4df3d5e0b366dd362007740106d3210fb6a56ec4b581a5324ba254f06"},
    {file = "Pillow-8.1.2-cp38-cp38-win32.whl", hash = "sha256:98afcac3205d31ab6a10c5006b0cf040d0026a68ec051edd3517b776c1d78b09"},
    {file = "Pillow-8.1.2-cp38-cp38-win_amd64.whl", hash = "sha256:328240f7dddf77783e72d5ed79899a6b48bc6681f8d1f6001f55933cb4905060"},
    {file = "Pillow-8.1.2-cp39-cp39-macosx_10_10_x86_64.whl", hash = "sha256:bead24c0ae3f1f6afcb915a057943ccf65fc755d11a1410a909c1fefb6c06ad1"},
    {file = "Pillow-8.1.2-cp39-cp39-macosx_11_0_arm64.whl", hash = "sha256:81b3716cc9744ffdf76b39afb6247eae754186838cedad0b0ac63b2571253fe6"},
    {file = "Pillow-8.1.2-cp39-cp39-manylinux1_i686.whl", hash = "sha256:63cd413ac52ee3f67057223d363f4f82ce966e64906aea046daf46695e3c8238"},
    {file = "Pillow-8.1.2-cp39-cp39-manylinux1_x86_64.whl", hash = "sha256:8565355a29655b28fdc2c666fd9a3890fe5edc6639d128814fafecfae2d70910"},
    {file = "Pillow-8.1.2-cp39-cp39-manylinux2014_aarch64.whl", hash = "sha256:1940fc4d361f9cc7e558d6f56ff38d7351b53052fd7911f4b60cd7bc091ea3b1"},
    {file = "Pillow-8.1.2-cp39-cp39-win32.whl", hash = "sha256:46c2bcf8e1e75d154e78417b3e3c64e96def738c2a25435e74909e127a8cba5e"},
    {file = "Pillow-8.1.2-cp39-cp39-win_amd64.whl", hash = "sha256:aeab4cd016e11e7aa5cfc49dcff8e51561fa64818a0be86efa82c7038e9369d0"},
    {file = "Pillow-8.1.2-pp36-pypy36_pp73-macosx_10_10_x86_64.whl", hash = "sha256:74cd9aa648ed6dd25e572453eb09b08817a1e3d9f8d1bd4d8403d99e42ea790b"},
    {file = "Pillow-8.1.2-pp36-pypy36_pp73-manylinux2010_i686.whl", hash = "sha256:e5739ae63636a52b706a0facec77b2b58e485637e1638202556156e424a02dc2"},
    {file = "Pillow-8.1.2-pp36-pypy36_pp73-manylinux2010_x86_64.whl", hash = "sha256:903293320efe2466c1ab3509a33d6b866dc850cfd0c5d9cc92632014cec185fb"},
    {file = "Pillow-8.1.2-pp37-pypy37_pp73-macosx_10_10_x86_64.whl", hash = "sha256:5daba2b40782c1c5157a788ec4454067c6616f5a0c1b70e26ac326a880c2d328"},
    {file = "Pillow-8.1.2-pp37-pypy37_pp73-manylinux2010_i686.whl", hash = "sha256:1f93f2fe211f1ef75e6f589327f4d4f8545d5c8e826231b042b483d8383e8a7c"},
    {file = "Pillow-8.1.2-pp37-pypy37_pp73-manylinux2010_x86_64.whl", hash = "sha256:6efac40344d8f668b6c4533ae02a48d52fd852ef0654cc6f19f6ac146399c733"},
    {file = "Pillow-8.1.2-pp37-pypy37_pp73-win32.whl", hash = "sha256:f36c3ff63d6fc509ce599a2f5b0d0732189eed653420e7294c039d342c6e204a"},
    {file = "Pillow-8.1.2.tar.gz", hash = "sha256:b07c660e014852d98a00a91adfbe25033898a9d90a8f39beb2437d22a203fc44"},
]
reportlab = [
    {file = "reportlab-3.5.66-cp36-cp36m-macosx_10_10_x86_64.whl", hash = "sha256:54827fa29843b15834e5bc618508f245f3addee7bf980eebacfebb74f150e611"},
    {file = "reportlab-3.5.66-cp36-cp36m-manylinux1_i686.whl", hash = "sha256:b784685141fe3fc26d8f703b21f89073a0ce46a800d06b7d58f2ceb481a65644"},
    {file = "reportlab-3.5.66-cp36-cp36m-manylinux1_x86_64.whl", hash = "sha256:fdf604246a5318157a581a483ceb0aab858582b478b24016768fdaff1c190f50"},
    {file = "reportlab-3.5.66-cp36-cp36m-manylinux2010_i686.whl", hash = "sha256:374252d118719e7b9b1bd0e5ce3f7083b5aaaeb1a9422983aa63b116621d34ae"},
    {file = "reportlab-3.5.66-cp36-cp36m-manylinux2010_x86_64.whl", hash = "sha256:7d4a59975a743eddc15895014d738bb38cbdecdd2496f651fb05779486bcb536"},
    {file = "reportlab-3.5.66-cp36-cp36m-win32.whl", hash = "sha256:15aeb8f8bdad5fa666d18a7d229bc7eb8f4e5a1dc8423931b3e690b6ce5021bc"},
    {file = "reportlab-3.5.66-cp36-cp36m-win_amd64.whl", hash = "sha256:879e1123d49e0df76c478cccdacd4a9f4a2b4b445beec3d72a05f8b3775daa84"},
    {file = "reportlab-3.5.66-cp37-cp37m-macosx_10_10_x86_64.whl", hash = "sha256:ce04f4bf9d15895bbfee6d53eb168cffd9fcedc625f0fcb5c343d809d0b37271"},
    {file = "reportlab-3.5.66-cp37-cp37m-manylinux1_i686.whl", hash = "sha256:45fe94e90c6b48c4ae877339b777fcc4f822795c1d4c7a0d6cffaf24987199b1"},
    {file = "reportlab-3.5.66-cp37-cp37m-manylinux1_x86_64.whl", hash = "sha256:aa1ec9557c0d9dbe3eceb6581220aa1d77c404b8ff3decb40eae0bf075512142"},
    {file = "reportlab-3.5.66-cp37-cp37m-manylinux2010_i686.whl", hash = "sha256:7711fcdb0c1edfb48dcffd7e73430e9b5ceba0816a37fd269a327cd13088bcaf"},
    {file = "reportlab-3.5.66-cp37-cp37m-manylinux2010_x86_64.whl", hash = "sha256:55c903f8aea4fbfca26f9f821c77c576c9791ce487ddfa3ffa1f2c44c5af79e2"},
    {file = "reportlab-3.5.66-cp37-cp37m-win32.whl", hash = "sha256:bdb0781d1d4d1ed0745f5f22c06ed60760865511e65046432d145f55fd908f60"},
    {file = "reportlab-3.5.66-cp37-cp37m-win_amd64.whl", hash = "sha256:cf76145a89bb0ebf562c3252ce4d254547fe59daeb80ce2076d89867e9c03735"},
    {file = "reportlab-3.5.66-cp38-cp38-macosx_10_10_x86_64.whl", hash = "sha256:6ff269ea41daa5cfd6124b13da1481fc40db2539fa82107dd9675f6670d95c25"},
    {file = "reportlab-3.5.66-cp38-cp38-manylinux1_i686.whl", hash = "sha256:6fc3f01e9005ac53d639eafe22b3852937e42161d74a7d0681bc83f48cff1b30"},
    {file = "reportlab-3.5.66-cp38-cp38-manylinux1_x86_64.whl", hash = "sha256:202109018f40d620812cf30dc300ea73385aed305d1de63c42229cb881821ffb"},
    {file = "reportlab-3.5.66-cp38-cp38-manylinux2010_i686.whl", hash = "sha256:f8a8f8b62cc150f71310e444ded4e32e7136c75aced6738877c3328e84338c94"},
    {file = "reportlab-3.5.66-cp38-cp38-manylinux2010_x86_64.whl", hash = "sha256:13ac281c8d5c904089022377bd9646c910deae63e7342dd9552088d330d73e89"},
    {file = "reportlab-3.5.66-cp38-cp38-win32.whl", hash = "sha256:1db86072b0ec3e5f9c5ab2980c61658ae3acee86e204b0d4c48112bc5cffd2f5"},
    {file = "reportlab-3.5.66-cp38-cp38-win_amd64.whl", hash = "sha256:ed4b80c24a4e5e91927aa95901cce3f6fef7551e94a72ac5a2fa22740708cbff"},
    {file = "reportlab-3.5.66-cp39-cp39-macosx_10_10_x86_64.whl", hash = "sha256:536f1ebf951cd48623974ba160c95e7c7219d4aa5664cdae17dffa2f19cf1cf3"},
    {file = "reportlab-3.5.66-cp39-cp39-manylinux1_i686.whl", hash = "sha256:e8ebb34f30a11ac4196ae83d0b4f1f87bbe326c0f8a6eb4b768e622ec7f017f5"},
    {file = "reportlab-3.5.66-cp39-cp39-manylinux1_x86_64.whl", hash = "sha256:14f38792176e41642f9ea7a83678df156d8abb3a90bbe396425a200614eed03d"},
    {file = "reportlab-3.5.66-cp39-cp39-manylinux2010_i686.whl", hash = "sha256:30e82ec00c566c4d8bfdcca0b93131749cc51ea0884395054d2afedf266f3f29"},
    {file = "reportlab-3.5.66-cp39-cp39-manylinux2010_x86_64.whl", hash = "sha256:bd0870c840d47a6639df17c54f0c5676a06ab6798bb92ed8ef9b983c0326c2d0"},
    {file = "reportlab-3.5.66-cp39-cp39-win32.whl", hash = "sha256:ad0d3f657addd9c4215faf2699eafd54e89e404e35d696dda9dbe3c126132900"},
    {file = "reportlab-3.5.66-cp39-cp39-win_amd64.whl", hash = "sha256:3c1be70cf168ed29a449a009d7cad6dcc3e45d129f7ddb07b3854b8cee8d125b"},
    {file = "reportlab-3.5.66.tar.gz", hash = "sha256:63fba51babad0047def4ffaa41d0065248ca39d680e98dc9e3010de5425539b4"},
]
